
Microsoft Visual Studio Solution File, Format Version 12.00
# Visual Studio Version 17
VisualStudioVersion = 17.9.34728.123
MinimumVisualStudioVersion = 10.0.40219.1
Project("{8BC9CEB8-8B4A-11D0-8D11-00A0C91BC942}") = "encoder", "encoder\encoder.vcxproj", "{903B4125-8C7F-4F2F-9738-125D5ADCC79E}"
EndProject
Project("{8BC9CEB8-8B4A-11D0-8D11-00A0C91BC942}") = "usage", "usage\usage.vcxproj", "{899C66E8-EE40-419D-B3D6-C7D1DA8C401E}"
EndProject
Global
	GlobalSection(SolutionConfigurationPlatforms) = preSolution
		Debug|x64 = Debug|x64
		Debug|x86 = Debug|x86
		Release|x64 = Release|x64
		Release|x86 = Release|x86
	EndGlobalSection
	GlobalSection(ProjectConfigurationPlatforms) = postSolution
		{903B4125-8C7F-4F2F-9738-125D5ADCC79E}.Debug|x64.ActiveCfg = Debug|x64
		{903B4125-8C7F-4F2F-9738-125D5ADCC79E}.Debug|x64.Build.0 = Debug|x64
		{903B4125-8C7F-4F2F-9738-125D5ADCC79E}.Debug|x86.ActiveCfg = Debug|Win32
		{903B4125-8C7F-4F2F-9738-125D5ADCC79E}.Debug|x86.Build.0 = Debug|Win32
		{903B4125-8C7F-4F2F-9738-125D5ADCC79E}.Release|x64.ActiveCfg = Release|x64
		{903B4125-8C7F-4F2F-9738-125D5ADCC79E}.Release|x64.Build.0 = Release|x64
		{903B4125-8C7F-4F2F-9738-125D5ADCC79E}.Release|x86.ActiveCfg = Release|Win32
		{903B4125-8C7F-4F2F-9738-125D5ADCC79E}.Release|x86.Build.0 = Release|Win32
		{899C66E8-EE40-419D-B3D6-C7D1DA8C401E}.Debug|x64.ActiveCfg = Debug|x64
		{899C66E8-EE40-419D-B3D6-C7D1DA8C401E}.Debug|x64.Build.0 = Debug|x64
		{899C66E8-EE40-419D-B3D6-C7D1DA8C401E}.Debug|x86.ActiveCfg = Debug|Win32
		{899C66E8-EE40-419D-B3D6-C7D1DA8C401E}.Debug|x86.Build.0 = Debug|Win32
		{899C66E8-EE40-419D-B3D6-C7D1DA8C401E}.Release|x64.ActiveCfg = Release|x64
		{899C66E8-EE40-419D-B3D6-C7D1DA8C401E}.Release|x64.Build.0 = Release|x64
		{899C66E8-EE40-419D-B3D6-C7D1DA8C401E}.Release|x86.ActiveCfg = Release|Win32
		{899C66E8-EE40-419D-B3D6-C7D1DA8C401E}.Release|x86.Build.0 = Release|Win32
	EndGlobalSection
	GlobalSection(SolutionProperties) = preSolution
		HideSolutionNode = FALSE
	EndGlobalSection
	GlobalSection(ExtensibilityGlobals) = postSolution
		SolutionGuid = {A24CBFB0-1E47-447C-A6E7-626DA3FD1033}
	EndGlobalSection
EndGlobal
